Microsoft Visual Studio Solution File, Format Version 12.00
# Visual Studio Version 17
VisualStudioVersion = 17.0.31611.283
MinimumVisualStudioVersion = 10.0.40219.1
Project("{9A19103F-16F7-4668-BE54-9A1E7A4F7556}") = "FinalProjectObject", "FinalProjectObject.csproj", "{80DBA7B7-F537-43BF-B05D-A7F085E6A163}"
EndProject
Global
	GlobalSection(SolutionConfigurationPlatforms) = preSolution
		Debug|Any CPU = Debug|Any CPU
		Release|Any CPU = Release|Any CPU
	EndGlobalSection
	GlobalSection(ProjectConfigurationPlatforms) = postSolution
		{80DBA7B7-F537-43BF-B05D-A7F085E6A163}.Debug|Any CPU.ActiveCfg = Debug|Any CPU
		{80DBA7B7-F537-43BF-B05D-A7F085E6A163}.Debug|Any CPU.Build.0 = Debug|Any CPU
		{80DBA7B7-F537-43BF-B05D-A7F085E6A163}.Debug|Any CPU.Deploy.0 = Debug|Any CPU
		{80DBA7B7-F537-43BF-B05D-A7F085E6A163}.Release|Any CPU.ActiveCfg = Release|Any CPU
		{80DBA7B7-F537-43BF-B05D-A7F085E6A163}.Release|Any CPU.Build.0 = Release|Any CPU
		{80DBA7B7-F537-43BF-B05D-A7F085E6A163}.Release|Any CPU.Deploy.0 = Release|Any CPU
	EndGlobalSection
	GlobalSection(SolutionProperties) = preSolution
		HideSolutionNode = FALSE
	EndGlobalSection
	GlobalSection(ExtensibilityGlobals) = postSolution
		        SolutionGuid = {61F7FB11-1E47-470C-91E2-47F8143E1572}
		SolutionGuid = {74D83D3E-05B5-4CAA-9BA9-C651A3FDBBD6}
	EndGlobalSection
EndGlobal
